// !$*UTF8*$!
{
	archiveVersion = 1;
	classes = {
	};
	objectVersion = 48;
	objects = {

/* Begin PBXBuildFile section */
		53091F938EC4AB8048975378 /* Pods_Todoey.framework in Frameworks */ = {isa = PBXBuildFile; fileRef = 2891FE43D21D169C4F3876B5 /* Pods_Todoey.framework */; };
		FD2791342018D823006D0689 /* Default-568h@2x.png in Resources */ = {isa = PBXBuildFile; fileRef = FD2791332018D823006D0689 /* Default-568h@2x.png */; };
		FD5B3860202736F300F5A7A6 /* CategoryViewController.swift in Sources */ = {isa = PBXBuildFile; fileRef = FD5B385F202736F300F5A7A6 /* CategoryViewController.swift */; };
		FD7C49842031B5450083F190 /* Item.swift in Sources */ = {isa = PBXBuildFile; fileRef = FD7C49832031B5450083F190 /* Item.swift */; };
		FD7C49862031B54E0083F190 /* Category.swift in Sources */ = {isa = PBXBuildFile; fileRef = FD7C49852031B54E0083F190 /* Category.swift */; };
		FD8F3FE92016093D007E9375 /* AppDelegate.swift in Sources */ = {isa = PBXBuildFile; fileRef = FD8F3FE82016093D007E9375 /* AppDelegate.swift */; };
		FD8F3FEB2016093D007E9375 /* TodoListViewController.swift in Sources */ = {isa = PBXBuildFile; fileRef = FD8F3FEA2016093D007E9375 /* TodoListViewController.swift */; };
		FD8F3FEE2016093D007E9375 /* Main.storyboard in Resources */ = {isa = PBXBuildFile; fileRef = FD8F3FEC2016093D007E9375 /* Main.storyboard */; };
		FD8F3FF02016093D007E9375 /* Assets.xcassets in Resources */ = {isa = PBXBuildFile; fileRef = FD8F3FEF2016093D007E9375 /* Assets.xcassets */; };
		FD8F3FF32016093D007E9375 /* LaunchScreen.storyboard in Resources */ = {isa = PBXBuildFile; fileRef = FD8F3FF12016093D007E9375 /* LaunchScreen.storyboard */; };
/* End PBXBuildFile section */

/* Begin PBXFileReference section */
		2891FE43D21D169C4F3876B5 /* Pods_Todoey.framework */ = {isa = PBXFileReference; explicitFileType = wrapper.framework; includeInIndex = 0; path = Pods_Todoey.framework; sourceTree = BUILT_PRODUCTS_DIR; };
		41A145059A40BA7CDE2630D8 /* Pods-Todoey.debug.xcconfig */ = {isa = PBXFileReference; includeInIndex = 1; lastKnownFileType = text.xcconfig; name = "Pods-Todoey.debug.xcconfig"; path = "Pods/Target Support Files/Pods-Todoey/Pods-Todoey.debug.xcconfig"; sourceTree = "<group>"; };
		FA79A3A2FC7CC7B23405C2C8 /* Pods-Todoey.release.xcconfig */ = {isa = PBXFileReference; includeInIndex = 1; lastKnownFileType = text.xcconfig; name = "Pods-Todoey.release.xcconfig"; path = "Pods/Target Support Files/Pods-Todoey/Pods-Todoey.release.xcconfig"; sourceTree = "<group>"; };
		FD2791332018D823006D0689 /* Default-568h@2x.png */ = {isa = PBXFileReference; lastKnownFileType = image.png; path = "Default-568h@2x.png"; sourceTree = "<group>"; };
		FD5B385F202736F300F5A7A6 /* CategoryViewController.swift */ = {isa = PBXFileReference; lastKnownFileType = sourcecode.swift; path = CategoryViewController.swift; sourceTree = "<group>"; };
		FD7C49832031B5450083F190 /* Item.swift */ = {isa = PBXFileReference; lastKnownFileType = sourcecode.swift; path = Item.swift; sourceTree = "<group>"; };
		FD7C49852031B54E0083F190 /* Category.swift */ = {isa = PBXFileReference; lastKnownFileType = sourcecode.swift; path = Category.swift; sourceTree = "<group>"; };
		FD8F3FE52016093D007E9375 /* Todoey.app */ = {isa = PBXFileReference; explicitFileType = wrapper.application; includeInIndex = 0; path = Todoey.app; sourceTree = BUILT_PRODUCTS_DIR; };
		FD8F3FE82016093D007E9375 /* AppDelegate.swift */ = {isa = PBXFileReference; lastKnownFileType = sourcecode.swift; path = AppDelegate.swift; sourceTree = "<group>"; };
		FD8F3FEA2016093D007E9375 /* TodoListViewController.swift */ = {isa = PBXFileReference; lastKnownFileType = sourcecode.swift; path = TodoListViewController.swift; sourceTree = "<group>"; };
		FD8F3FED2016093D007E9375 /* Base */ = {isa = PBXFileReference; lastKnownFileType = file.storyboard; name = Base; path = Base.lproj/Main.storyboard; sourceTree = "<group>"; };
		FD8F3FEF2016093D007E9375 /* Assets.xcassets */ = {isa = PBXFileReference; lastKnownFileType = folder.assetcatalog; path = Assets.xcassets; sourceTree = "<group>"; };
		FD8F3FF22016093D007E9375 /* Base */ = {isa = PBXFileReference; lastKnownFileType = file.storyboard; name = Base; path = Base.lproj/LaunchScreen.storyboard; sourceTree = "<group>"; };
		FD8F3FF42016093D007E9375 /* Info.plist */ = {isa = PBXFileReference; lastKnownFileType = text.plist.xml; path = Info.plist; sourceTree = "<group>"; };
/* End PBXFileReference section */

/* Begin PBXFrameworksBuildPhase section */
		FD8F3FE22016093D007E9375 /* Frameworks */ = {
			isa = PBXFrameworksBuildPhase;
			buildActionMask = 2147483647;
			files = (
				53091F938EC4AB8048975378 /* Pods_Todoey.framework in Frameworks */,
			);
			runOnlyForDeploymentPostprocessing = 0;
		};
/* End PBXFrameworksBuildPhase section */

/* Begin PBXGroup section */
		57DB07EF86C43DE6D34D7A10 /* Pods */ = {
			isa = PBXGroup;
			children = (
				41A145059A40BA7CDE2630D8 /* Pods-Todoey.debug.xcconfig */,
				FA79A3A2FC7CC7B23405C2C8 /* Pods-Todoey.release.xcconfig */,
			);
			name = Pods;
			sourceTree = "<group>";
		};
		C0EE425FCF60397DE5EA7D00 /* Frameworks */ = {
			isa = PBXGroup;
			children = (
				2891FE43D21D169C4F3876B5 /* Pods_Todoey.framework */,
			);
			name = Frameworks;
			sourceTree = "<group>";
		};
		FD27912F2018BA36006D0689 /* Data Model */ = {
			isa = PBXGroup;
			children = (
				FD7C49832031B5450083F190 /* Item.swift */,
				FD7C49852031B54E0083F190 /* Category.swift */,
			);
			path = "Data Model";
			sourceTree = "<group>";
		};
		FD2791302018BA60006D0689 /* Controllers */ = {
			isa = PBXGroup;
			children = (
				FD8F3FEA2016093D007E9375 /* TodoListViewController.swift */,
				FD5B385F202736F300F5A7A6 /* CategoryViewController.swift */,
			);
			path = Controllers;
			sourceTree = "<group>";
		};
		FD2791312018BA92006D0689 /* Views */ = {
			isa = PBXGroup;
			children = (
				FD8F3FEC2016093D007E9375 /* Main.storyboard */,
			);
			path = Views;
			sourceTree = "<group>";
		};
		FD2791322018BA9C006D0689 /* Supporting Files */ = {
			isa = PBXGroup;
			children = (
				FD8F3FEF2016093D007E9375 /* Assets.xcassets */,
				FD8F3FF12016093D007E9375 /* LaunchScreen.storyboard */,
			);
			path = "Supporting Files";
			sourceTree = "<group>";
		};
		FD8F3FDC2016093D007E9375 = {
			isa = PBXGroup;
			children = (
				FD2791332018D823006D0689 /* Default-568h@2x.png */,
				FD8F3FE72016093D007E9375 /* Todoey */,
				FD8F3FE62016093D007E9375 /* Products */,
				57DB07EF86C43DE6D34D7A10 /* Pods */,
				C0EE425FCF60397DE5EA7D00 /* Frameworks */,
			);
			sourceTree = "<group>";
		};
		FD8F3FE62016093D007E9375 /* Products */ = {
			isa = PBXGroup;
			children = (
				FD8F3FE52016093D007E9375 /* Todoey.app */,
			);
			name = Products;
			sourceTree = "<group>";
		};
		FD8F3FE72016093D007E9375 /* Todoey */ = {
			isa = PBXGroup;
			children = (
				FD8F3FF42016093D007E9375 /* Info.plist */,
				FD8F3FE82016093D007E9375 /* AppDelegate.swift */,
				FD2791302018BA60006D0689 /* Controllers */,
				FD27912F2018BA36006D0689 /* Data Model */,
				FD2791312018BA92006D0689 /* Views */,
				FD2791322018BA9C006D0689 /* Supporting Files */,
			);
			path = Todoey;
			sourceTree = "<group>";
		};
/* End PBXGroup section */

/* Begin PBXNativeTarget section */
		FD8F3FE42016093D007E9375 /* Todoey */ = {
			isa = PBXNativeTarget;
			buildConfigurationList = FD8F3FF72016093D007E9375 /* Build configuration list for PBXNativeTarget "Todoey" */;
			buildPhases = (
				75BF0135AB0C26DF10C31401 /* [CP] Check Pods Manifest.lock */,
				FD8F3FE12016093D007E9375 /* Sources */,
				FD8F3FE22016093D007E9375 /* Frameworks */,
				FD8F3FE32016093D007E9375 /* Resources */,
				1F3C5526AA790E66064E04C8 /* [CP] Embed Pods Frameworks */,
				CBA4EA9939337933E1D51992 /* [CP] Copy Pods Resources */,
			);
			buildRules = (
			);
			dependencies = (
			);
			name = Todoey;
			productName = Todoey;
			productReference = FD8F3FE52016093D007E9375 /* Todoey.app */;
			productType = "com.apple.product-type.application";
		};
/* End PBXNativeTarget section */

/* Begin PBXProject section */
		FD8F3FDD2016093D007E9375 /* Project object */ = {
			isa = PBXProject;
			attributes = {
				LastSwiftUpdateCheck = 0920;
				LastUpgradeCheck = 0920;
				ORGANIZATIONNAME = Taiwo;
				TargetAttributes = {
					FD8F3FE42016093D007E9375 = {
						CreatedOnToolsVersion = 9.2;
						ProvisioningStyle = Automatic;
					};
				};
			};
			buildConfigurationList = FD8F3FE02016093D007E9375 /* Build configuration list for PBXProject "Todoey" */;
			compatibilityVersion = "Xcode 8.0";
			developmentRegion = en;
			hasScannedForEncodings = 0;
			knownRegions = (
				en,
				Base,
			);
			mainGroup = FD8F3FDC2016093D007E9375;
			productRefGroup = FD8F3FE62016093D007E9375 /* Products */;
			projectDirPath = "";
			projectRoot = "";
			targets = (
				FD8F3FE42016093D007E9375 /* Todoey */,
			);
		};
/* End PBXProject section */

/* Begin PBXResourcesBuildPhase section */
		FD8F3FE32016093D007E9375 /* Resources */ = {
			isa = PBXResourcesBuildPhase;
			buildActionMask = 2147483647;
			files = (
				FD8F3FF32016093D007E9375 /* LaunchScreen.storyboard in Resources */,
				FD2791342018D823006D0689 /* Default-568h@2x.png in Resources */,
				FD8F3FF02016093D007E9375 /* Assets.xcassets in Resources */,
				FD8F3FEE2016093D007E9375 /* Main.storyboard in Resources */,
			);
			runOnlyForDeploymentPostprocessing = 0;
		};
/* End PBXResourcesBuildPhase section */

/* Begin PBXShellScriptBuildPhase section */
		1F3C5526AA790E66064E04C8 /* [CP] Embed Pods Frameworks */ = {
			isa = PBXShellScriptBuildPhase;
			buildActionMask = 2147483647;
			files = (
			);
			inputPaths = (
				"${SRCROOT}/Pods/Target Support Files/Pods-Todoey/Pods-Todoey-frameworks.sh",
				"${BUILT_PRODUCTS_DIR}/Realm/Realm.framework",
				"${BUILT_PRODUCTS_DIR}/RealmSwift/RealmSwift.framework",
			);
			name = "[CP] Embed Pods Frameworks";
			outputPaths = (
				"${TARGET_BUILD_DIR}/${FRAMEWORKS_FOLDER_PATH}/Realm.framework",
				"${TARGET_BUILD_DIR}/${FRAMEWORKS_FOLDER_PATH}/RealmSwift.framework",
			);
			runOnlyForDeploymentPostprocessing = 0;
			shellPath = /bin/sh;
			shellScript = "\"${SRCROOT}/Pods/Target Support Files/Pods-Todoey/Pods-Todoey-frameworks.sh\"\n";
			showEnvVarsInLog = 0;
		};
		75BF0135AB0C26DF10C31401 /* [CP] Check Pods Manifest.lock */ = {
			isa = PBXShellScriptBuildPhase;
			buildActionMask = 2147483647;
			files = (
			);
			inputPaths = (
				"${PODS_PODFILE_DIR_PATH}/Podfile.lock",
				"${PODS_ROOT}/Manifest.lock",
			);
			name = "[CP] Check Pods Manifest.lock";
			outputPaths = (
				"$(DERIVED_FILE_DIR)/Pods-Todoey-checkManifestLockResult.txt",
			);
			runOnlyForDeploymentPostprocessing = 0;
			shellPath = /bin/sh;
			shellScript = "diff \"${PODS_PODFILE_DIR_PATH}/Podfile.lock\" \"${PODS_ROOT}/Manifest.lock\" > /dev/null\nif [ $? != 0 ] ; then\n    # print error to STDERR\n    echo \"error: The sandbox is not in sync with the Podfile.lock. Run 'pod install' or update your CocoaPods installation.\" >&2\n    exit 1\nfi\n# This output is used by Xcode 'outputs' to avoid re-running this script phase.\necho \"SUCCESS\" > \"${SCRIPT_OUTPUT_FILE_0}\"\n";
			showEnvVarsInLog = 0;
		};
		CBA4EA9939337933E1D51992 /* [CP] Copy Pods Resources */ = {
			isa = PBXShellScriptBuildPhase;
			buildActionMask = 2147483647;
			files = (
			);
			inputPaths = (
			);
			name = "[CP] Copy Pods Resources";
			outputPaths = (
			);
			runOnlyForDeploymentPostprocessing = 0;
			shellPath = /bin/sh;
			shellScript = "\"${SRCROOT}/Pods/Target Support Files/Pods-Todoey/Pods-Todoey-resources.sh\"\n";
			showEnvVarsInLog = 0;
		};
/* End PBXShellScriptBuildPhase section */

/* Begin PBXSourcesBuildPhase section */
		FD8F3FE12016093D007E9375 /* Sources */ = {
			isa = PBXSourcesBuildPhase;
			buildActionMask = 2147483647;
			files = (
				FD7C49842031B5450083F190 /* Item.swift in Sources */,
				FD5B3860202736F300F5A7A6 /* CategoryViewController.swift in Sources */,
				FD8F3FEB2016093D007E9375 /* TodoListViewController.swift in Sources */,
				FD8F3FE92016093D007E9375 /* AppDelegate.swift in Sources */,
				FD7C49862031B54E0083F190 /* Category.swift in Sources */,
			);
			runOnlyForDeploymentPostprocessing = 0;
		};
/* End PBXSourcesBuildPhase section */

/* Begin PBXVariantGroup section */
		FD8F3FEC2016093D007E9375 /* Main.storyboard */ = {
			isa = PBXVariantGroup;
			children = (
				FD8F3FED2016093D007E9375 /* Base */,
			);
			name = Main.storyboard;
			sourceTree = "<group>";
		};
		FD8F3FF12016093D007E9375 /* LaunchScreen.storyboard */ = {
			isa = PBXVariantGroup;
			children = (
				FD8F3FF22016093D007E9375 /* Base */,
			);
			name = LaunchScreen.storyboard;
			sourceTree = "<group>";
		};
/* End PBXVariantGroup section */

/* Begin XCBuildConfiguration section */
		FD8F3FF52016093D007E9375 /* Debug */ = {
			isa = XCBuildConfiguration;
			buildSettings = {
				ALWAYS_SEARCH_USER_PATHS = NO;
				CLANG_ANALYZER_NONNULL = YES;
				CLANG_ANALYZER_NUMBER_OBJECT_CONVERSION = YES_AGGRESSIVE;
				CLANG_CXX_LANGUAGE_STANDARD = "gnu++14";
				CLANG_CXX_LIBRARY = "libc++";
				CLANG_ENABLE_MODULES = YES;
				CLANG_ENABLE_OBJC_ARC = YES;
				CLANG_WARN_BLOCK_CAPTURE_AUTORELEASING = YES;
				CLANG_WARN_BOOL_CONVERSION = YES;
				CLANG_WARN_COMMA = YES;
				CLANG_WARN_CONSTANT_CONVERSION = YES;
				CLANG_WARN_DIRECT_OBJC_ISA_USAGE = YES_ERROR;
				CLANG_WARN_DOCUMENTATION_COMMENTS = YES;
				CLANG_WARN_EMPTY_BODY = YES;
				CLANG_WARN_ENUM_CONVERSION = YES;
				CLANG_WARN_INFINITE_RECURSION = YES;
				CLANG_WARN_INT_CONVERSION = YES;
				CLANG_WARN_NON_LITERAL_NULL_CONVERSION = YES;
				CLANG_WARN_OBJC_LITERAL_CONVERSION = YES;
				CLANG_WARN_OBJC_ROOT_CLASS = YES_ERROR;
				CLANG_WARN_RANGE_LOOP_ANALYSIS = YES;
				CLANG_WARN_STRICT_PROTOTYPES = YES;
				CLANG_WARN_SUSPICIOUS_MOVE = YES;
				CLANG_WARN_UNGUARDED_AVAILABILITY = YES_AGGRESSIVE;
				CLANG_WARN_UNREACHABLE_CODE = YES;
				CLANG_WARN__DUPLICATE_METHOD_MATCH = YES;
				CODE_SIGN_IDENTITY = "iPhone Developer";
				COPY_PHASE_STRIP = NO;
				DEBUG_INFORMATION_FORMAT = dwarf;
				ENABLE_STRICT_OBJC_MSGSEND = YES;
				ENABLE_TESTABILITY = YES;
				GCC_C_LANGUAGE_STANDARD = gnu11;
				GCC_DYNAMIC_NO_PIC = NO;
				GCC_NO_COMMON_BLOCKS = YES;
				GCC_OPTIMIZATION_LEVEL = 0;
				GCC_PREPROCESSOR_DEFINITIONS = (
					"DEBUG=1",
					"$(inherited)",
				);
				GCC_WARN_64_TO_32_BIT_CONVERSION = YES;
				GCC_WARN_ABOUT_RETURN_TYPE = YES_ERROR;
				GCC_WARN_UNDECLARED_SELECTOR = YES;
				GCC_WARN_UNINITIALIZED_AUTOS = YES_AGGRESSIVE;
				GCC_WARN_UNUSED_FUNCTION = YES;
				GCC_WARN_UNUSED_VARIABLE = YES;
				IPHONEOS_DEPLOYMENT_TARGET = 11.2;
				MTL_ENABLE_DEBUG_INFO = YES;
				ONLY_ACTIVE_ARCH = YES;
				SDKROOT = iphoneos;
				SWIFT_ACTIVE_COMPILATION_CONDITIONS = DEBUG;
				SWIFT_OPTIMIZATION_LEVEL = "-Onone";
			};
			name = Debug;
		};
		FD8F3FF62016093D007E9375 /* Release */ = {
			isa = XCBuildConfiguration;
			buildSettings = {
				ALWAYS_SEARCH_USER_PATHS = NO;
				CLANG_ANALYZER_NONNULL = YES;
				CLANG_ANALYZER_NUMBER_OBJECT_CONVERSION = YES_AGGRESSIVE;
				CLANG_CXX_LANGUAGE_STANDARD = "gnu++14";
				CLANG_CXX_LIBRARY = "libc++";
				CLANG_ENABLE_MODULES = YES;
				CLANG_ENABLE_OBJC_ARC = YES;
				CLANG_WARN_BLOCK_CAPTURE_AUTORELEASING = YES;
				CLANG_WARN_BOOL_CONVERSION = YES;
				CLANG_WARN_COMMA = YES;
				CLANG_WARN_CONSTANT_CONVERSION = YES;
				CLANG_WARN_DIRECT_OBJC_ISA_USAGE = YES_ERROR;
				CLANG_WARN_DOCUMENTATION_COMMENTS = YES;
				CLANG_WARN_EMPTY_BODY = YES;
				CLANG_WARN_ENUM_CONVERSION = YES;
				CLANG_WARN_INFINITE_RECURSION = YES;
				CLANG_WARN_INT_CONVERSION = YES;
				CLANG_WARN_NON_LITERAL_NULL_CONVERSION = YES;
				CLANG_WARN_OBJC_LITERAL_CONVERSION = YES;
				CLANG_WARN_OBJC_ROOT_CLASS = YES_ERROR;
				CLANG_WARN_RANGE_LOOP_ANALYSIS = YES;
				CLANG_WARN_STRICT_PROTOTYPES = YES;
				CLANG_WARN_SUSPICIOUS_MOVE = YES;
				CLANG_WARN_UNGUARDED_AVAILABILITY = YES_AGGRESSIVE;
				CLANG_WARN_UNREACHABLE_CODE = YES;
				CLANG_WARN__DUPLICATE_METHOD_MATCH = YES;
				CODE_SIGN_IDENTITY = "iPhone Developer";
				COPY_PHASE_STRIP = NO;
				DEBUG_INFORMATION_FORMAT = "dwarf-with-dsym";
				ENABLE_NS_ASSERTIONS = NO;
				ENABLE_STRICT_OBJC_MSGSEND = YES;
				GCC_C_LANGUAGE_STANDARD = gnu11;
				GCC_NO_COMMON_BLOCKS = YES;
				GCC_WARN_64_TO_32_BIT_CONVERSION = YES;
				GCC_WARN_ABOUT_RETURN_TYPE = YES_ERROR;
				GCC_WARN_UNDECLARED_SELECTOR = YES;
				GCC_WARN_UNINITIALIZED_AUTOS = YES_AGGRESSIVE;
				GCC_WARN_UNUSED_FUNCTION = YES;
				GCC_WARN_UNUSED_VARIABLE = YES;
				IPHONEOS_DEPLOYMENT_TARGET = 11.2;
				MTL_ENABLE_DEBUG_INFO = NO;
				SDKROOT = iphoneos;
				SWIFT_OPTIMIZATION_LEVEL = "-Owholemodule";
				VALIDATE_PRODUCT = YES;
			};
			name = Release;
		};
		FD8F3FF82016093D007E9375 /* Debug */ = {
			isa = XCBuildConfiguration;
			baseConfigurationReference = 41A145059A40BA7CDE2630D8 /* Pods-Todoey.debug.xcconfig */;
			buildSettings = {
				ASSETCATALOG_COMPILER_APPICON_NAME = AppIcon;
				CODE_SIGN_STYLE = Automatic;
				DEVELOPMENT_TEAM = 862K5Y7PJP;
				INFOPLIST_FILE = Todoey/Info.plist;
				LD_RUNPATH_SEARCH_PATHS = "$(inherited) @executable_path/Frameworks";
				PRODUCT_BUNDLE_IDENTIFIER = com.taiwo.Todoey;
				PRODUCT_NAME = "$(TARGET_NAME)";
				SWIFT_VERSION = 4.0;
				TARGETED_DEVICE_FAMILY = "1,2";
			};
			name = Debug;
		};
		FD8F3FF92016093D007E9375 /* Release */ = {
			isa = XCBuildConfiguration;
			baseConfigurationReference = FA79A3A2FC7CC7B23405C2C8 /* Pods-Todoey.release.xcconfig */;
			buildSettings = {
				ASSETCATALOG_COMPILER_APPICON_NAME = AppIcon;
				CODE_SIGN_STYLE = Automatic;
				DEVELOPMENT_TEAM = 862K5Y7PJP;
				INFOPLIST_FILE = Todoey/Info.plist;
				LD_RUNPATH_SEARCH_PATHS = "$(inherited) @executable_path/Frameworks";
				PRODUCT_BUNDLE_IDENTIFIER = com.taiwo.Todoey;
				PRODUCT_NAME = "$(TARGET_NAME)";
				SWIFT_VERSION = 4.0;
				TARGETED_DEVICE_FAMILY = "1,2";
			};
			name = Release;
		};
/* End XCBuildConfiguration section */

/* Begin XCConfigurationList section */
		FD8F3FE02016093D007E9375 /* Build configuration list for PBXProject "Todoey" */ = {
			isa = XCConfigurationList;
			buildConfigurations = (
				FD8F3FF52016093D007E9375 /* Debug */,
				FD8F3FF62016093D007E9375 /* Release */,
			);
			defaultConfigurationIsVisible = 0;
			defaultConfigurationName = Release;
		};
		FD8F3FF72016093D007E9375 /* Build configuration list for PBXNativeTarget "Todoey" */ = {
			isa = XCConfigurationList;
			buildConfigurations = (
				FD8F3FF82016093D007E9375 /* Debug */,
				FD8F3FF92016093D007E9375 /* Release */,
			);
			defaultConfigurationIsVisible = 0;
			defaultConfigurationName = Release;
		};
/* End XCConfigurationList section */
	};
	rootObject = FD8F3FDD2016093D007E9375 /* Project object */;
}
